{
	"name": "international-week",
	"version": "1.0.0",
	"lockfileVersion": 3,
	"requires": true,
	"packages": {
		"": {
			"name": "international-week",
			"version": "1.0.0",
			"license": "MIT",
			"dependencies": {
				"dotenv": "^16.4.5",
				"gsap": "^3.12.5"
			},
			"devDependencies": {
				"typescript": "^5.6.3"
			}
		},
		"node_modules/dotenv": {
			"version": "16.4.5",
			"resolved": "https://registry.npmjs.org/dotenv/-/dotenv-16.4.5.tgz",
			"integrity": "sha512-ZmdL2rui+eB2YwhsWzjInR8LldtZHGDoQ1ugH85ppHKwpUHL7j7rN0Ti9NCnGiQbhaZ11FpR+7ao1dNsmduNUg==",
			"license": "BSD-2-Clause",
			"engines": {
				"node": ">=12"
			},
			"funding": {
				"url": "https://dotenvx.com"
			}
		},
		"node_modules/gsap": {
			"version": "3.12.5",
			"resolved": "https://registry.npmjs.org/gsap/-/gsap-3.12.5.tgz",
			"integrity": "sha512-srBfnk4n+Oe/ZnMIOXt3gT605BX9x5+rh/prT2F1SsNJsU1XuMiP0E2aptW481OnonOGACZWBqseH5Z7csHxhQ==",
			"license": "Standard 'no charge' license: https://gsap.com/standard-license. Club GSAP members get more: https://gsap.com/licensing/. Why GreenSock doesn't employ an MIT license: https://gsap.com/why-license/"
		},
		"node_modules/typescript": {
			"version": "5.6.3",
			"resolved": "https://registry.npmjs.org/typescript/-/typescript-5.6.3.tgz",
			"integrity": "sha512-hjcS1mhfuyi4WW8IWtjP7brDrG2cuDZukyrYrSauoXGNgx0S7zceP07adYkJycEr56BOUTNPzbInooiN3fn1qw==",
			"dev": true,
			"license": "Apache-2.0",
			"bin": {
				"tsc": "bin/tsc",
				"tsserver": "bin/tsserver"
			},
			"engines": {
				"node": ">=14.17"
			}
		}
	}
}
